{
  "name": "ajs-platforms-node",
  "version": "1.0.0",
  "lockfileVersion": 1,
  "requires": true,
  "dependencies": {
    "@ozkostay/ajs-platforms": {
      "version": "1.0.0",
      "resolved": "https://npm.pkg.github.com/download/@ozkostay/ajs-platforms/1.0.0/40e9b688ed08b130f353442e0de4e9835b62772a",
      "integrity": "sha512-+xDZBlUqV7AHJoTA6zYTizK6UwT8UniGi4LtwmX2JY3xI6EiDKXuxFguhAibo5mVmuGuw5hNzZB10OvdmBJxGg=="
    }
  }
}
